
Microsoft Visual Studio Solution File, Format Version 12.00
# Visual Studio 15
Project("{FAE04EC0-301F-11D3-BF4B-00C04F79EFBC}") = "Unity.XR.Interaction.Toolkit.Samples.StarterAssets", "Unity.XR.Interaction.Toolkit.Samples.StarterAssets.csproj", "{7AA9C684-DD1D-31E7-EB62-590ACFC1B317}"
EndProject
Project("{FAE04EC0-301F-11D3-BF4B-00C04F79EFBC}") = "Assembly-CSharp", "Assembly-CSharp.csproj", "{B89D280A-6D38-02F9-18A3-B0888D4E8257}"
EndProject
Project("{FAE04EC0-301F-11D3-BF4B-00C04F79EFBC}") = "Unity.XR.Interaction.Toolkit.Samples.DeviceSimulator", "Unity.XR.Interaction.Toolkit.Samples.DeviceSimulator.csproj", "{AA87F4CC-3636-5328-1F10-6A3E081D90F2}"
EndProject
Global
	GlobalSection(SolutionConfigurationPlatforms) = preSolution
		Debug|Any CPU = Debug|Any CPU
		Release|Any CPU = Release|Any CPU
	EndGlobalSection
	GlobalSection(ProjectConfigurationPlatforms) = postSolution
		{7AA9C684-DD1D-31E7-EB62-590ACFC1B317}.Debug|Any CPU.ActiveCfg = Debug|Any CPU
		{7AA9C684-DD1D-31E7-EB62-590ACFC1B317}.Debug|Any CPU.Build.0 = Debug|Any CPU
		{7AA9C684-DD1D-31E7-EB62-590ACFC1B317}.Release|Any CPU.ActiveCfg = Release|Any CPU
		{7AA9C684-DD1D-31E7-EB62-590ACFC1B317}.Release|Any CPU.Build.0 = Release|Any CPU
		{B89D280A-6D38-02F9-18A3-B0888D4E8257}.Debug|Any CPU.ActiveCfg = Debug|Any CPU
		{B89D280A-6D38-02F9-18A3-B0888D4E8257}.Debug|Any CPU.Build.0 = Debug|Any CPU
		{B89D280A-6D38-02F9-18A3-B0888D4E8257}.Release|Any CPU.ActiveCfg = Release|Any CPU
		{B89D280A-6D38-02F9-18A3-B0888D4E8257}.Release|Any CPU.Build.0 = Release|Any CPU
		{AA87F4CC-3636-5328-1F10-6A3E081D90F2}.Debug|Any CPU.ActiveCfg = Debug|Any CPU
		{AA87F4CC-3636-5328-1F10-6A3E081D90F2}.Debug|Any CPU.Build.0 = Debug|Any CPU
		{AA87F4CC-3636-5328-1F10-6A3E081D90F2}.Release|Any CPU.ActiveCfg = Release|Any CPU
		{AA87F4CC-3636-5328-1F10-6A3E081D90F2}.Release|Any CPU.Build.0 = Release|Any CPU
	EndGlobalSection
	GlobalSection(SolutionProperties) = preSolution
		HideSolutionNode = FALSE
	EndGlobalSection
EndGlobal
